
Microsoft Visual Studio Solution File, Format Version 12.00
# Visual Studio Version 17
VisualStudioVersion = 17.0.31919.166
MinimumVisualStudioVersion = 10.0.40219.1
Project("{FAE04EC0-301F-11D3-BF4B-00C04F79EFBC}") = "BlazorApp1", "BlazorApp1\BlazorApp1.csproj", "{1CFE900C-30BE-440D-9C4C-26F5E3EA0189}"
EndProject
Global
	GlobalSection(SolutionConfigurationPlatforms) = preSolution
		Debug|Any CPU = Debug|Any CPU
		Release|Any CPU = Release|Any CPU
	EndGlobalSection
	GlobalSection(ProjectConfigurationPlatforms) = postSolution
		{1CFE900C-30BE-440D-9C4C-26F5E3EA0189}.Debug|Any CPU.ActiveCfg = Debug|Any CPU
		{1CFE900C-30BE-440D-9C4C-26F5E3EA0189}.Debug|Any CPU.Build.0 = Debug|Any CPU
		{1CFE900C-30BE-440D-9C4C-26F5E3EA0189}.Release|Any CPU.ActiveCfg = Release|Any CPU
		{1CFE900C-30BE-440D-9C4C-26F5E3EA0189}.Release|Any CPU.Build.0 = Release|Any CPU
	EndGlobalSection
	GlobalSection(SolutionProperties) = preSolution
		HideSolutionNode = FALSE
	EndGlobalSection
	GlobalSection(ExtensibilityGlobals) = postSolution
		SolutionGuid = {1A342A8B-472A-4AE0-A7E8-C6925E738A5C}
	EndGlobalSection
EndGlobal
